{
  "name": "remote-ssh-sudo",
  "version": "2.0.0",
  "lockfileVersion": 3,
  "requires": true,
  "packages": {
    "": {
      "name": "remote-ssh-sudo",
      "version": "2.0.0",
      "license": "MIT",
      "devDependencies": {
        "@types/vscode": "^1.80.0"
      },
      "engines": {
        "vscode": "^1.80.0"
      }
    },
    "node_modules/@types/vscode": {
      "version": "1.138.0",
      "resolved": "https://registry.npmjs.org/@types/vscode/-/vscode-1.138.0.tgz",
      "integrity": "sha512-DhlvrucJa8n6EHst7qQcXOcjLKs/VRTQy55plLO+RN74jonYsr/t9dd66zBnAyz1tpDig0okQAxuoPHpVNje2g==",
      "dev": true,
      "license": "MIT"
    }
  }
}
